
Microsoft Visual Studio Solution File, Format Version 12.00
# Visual Studio 14
VisualStudioVersion = 14.0.25420.1
MinimumVisualStudioVersion = 10.0.40219.1
Project("{FAE04EC0-301F-11D3-BF4B-00C04F79EFBC}") = "KS.CORE.DATAMANAGER", "KS.CORE.DATAMANAGER\KS.CORE.DATAMANAGER.csproj", "{3895B5CE-AEF0-4377-A599-2DFBB4B7E4E9}"
EndProject
Project("{FAE04EC0-301F-11D3-BF4B-00C04F79EFBC}") = "KS.CORE.ENTITIES", "KS.CORE.ENTITY\KS.CORE.ENTITIES.csproj", "{F5D8C665-DFCE-4A14-9A1F-9543DA13FAE2}"
EndProject
Project("{FAE04EC0-301F-11D3-BF4B-00C04F79EFBC}") = "KS.CORE.SHARED", "KS.CORE.SHARED\KS.CORE.SHARED.csproj", "{4DE97783-E15A-4C49-81F3-DF45938A2F9B}"
EndProject
Project("{FAE04EC0-301F-11D3-BF4B-00C04F79EFBC}") = "KS.CORE.BUSINESS", "KS.CORE.BUSINESS\KS.CORE.BUSINESS.csproj", "{F0B4AA54-FA2C-4452-BEA0-562298B41806}"
EndProject
Project("{FAE04EC0-301F-11D3-BF4B-00C04F79EFBC}") = "KS.CORE.DATA", "KS.CORE.DATA\KS.CORE.DATA.csproj", "{ED5DB0E1-E7AB-425D-A3C5-D563DED45603}"
EndProject
Project("{FAE04EC0-301F-11D3-BF4B-00C04F79EFBC}") = "KS.CORE.WEBAPI", "KS.CORE.WEBAPI\KS.CORE.WEBAPI.csproj", "{4EB60338-30F9-49DB-AF29-1B0F725361E8}"
EndProject
Global
	GlobalSection(SolutionConfigurationPlatforms) = preSolution
		Debug|Any CPU = Debug|Any CPU
		Release|Any CPU = Release|Any CPU
	EndGlobalSection
	GlobalSection(ProjectConfigurationPlatforms) = postSolution
		{3895B5CE-AEF0-4377-A599-2DFBB4B7E4E9}.Debug|Any CPU.ActiveCfg = Debug|Any CPU
		{3895B5CE-AEF0-4377-A599-2DFBB4B7E4E9}.Debug|Any CPU.Build.0 = Debug|Any CPU
		{3895B5CE-AEF0-4377-A599-2DFBB4B7E4E9}.Release|Any CPU.ActiveCfg = Release|Any CPU
		{3895B5CE-AEF0-4377-A599-2DFBB4B7E4E9}.Release|Any CPU.Build.0 = Release|Any CPU
		{F5D8C665-DFCE-4A14-9A1F-9543DA13FAE2}.Debug|Any CPU.ActiveCfg = Debug|Any CPU
		{F5D8C665-DFCE-4A14-9A1F-9543DA13FAE2}.Debug|Any CPU.Build.0 = Debug|Any CPU
		{F5D8C665-DFCE-4A14-9A1F-9543DA13FAE2}.Release|Any CPU.ActiveCfg = Release|Any CPU
		{F5D8C665-DFCE-4A14-9A1F-9543DA13FAE2}.Release|Any CPU.Build.0 = Release|Any CPU
		{4DE97783-E15A-4C49-81F3-DF45938A2F9B}.Debug|Any CPU.ActiveCfg = Debug|Any CPU
		{4DE97783-E15A-4C49-81F3-DF45938A2F9B}.Debug|Any CPU.Build.0 = Debug|Any CPU
		{4DE97783-E15A-4C49-81F3-DF45938A2F9B}.Release|Any CPU.ActiveCfg = Release|Any CPU
		{4DE97783-E15A-4C49-81F3-DF45938A2F9B}.Release|Any CPU.Build.0 = Release|Any CPU
		{F0B4AA54-FA2C-4452-BEA0-562298B41806}.Debug|Any CPU.ActiveCfg = Debug|Any CPU
		{F0B4AA54-FA2C-4452-BEA0-562298B41806}.Debug|Any CPU.Build.0 = Debug|Any CPU
		{F0B4AA54-FA2C-4452-BEA0-562298B41806}.Release|Any CPU.ActiveCfg = Release|Any CPU
		{F0B4AA54-FA2C-4452-BEA0-562298B41806}.Release|Any CPU.Build.0 = Release|Any CPU
		{ED5DB0E1-E7AB-425D-A3C5-D563DED45603}.Debug|Any CPU.ActiveCfg = Debug|Any CPU
		{ED5DB0E1-E7AB-425D-A3C5-D563DED45603}.Debug|Any CPU.Build.0 = Debug|Any CPU
		{ED5DB0E1-E7AB-425D-A3C5-D563DED45603}.Release|Any CPU.ActiveCfg = Release|Any CPU
		{ED5DB0E1-E7AB-425D-A3C5-D563DED45603}.Release|Any CPU.Build.0 = Release|Any CPU
		{4EB60338-30F9-49DB-AF29-1B0F725361E8}.Debug|Any CPU.ActiveCfg = Debug|Any CPU
		{4EB60338-30F9-49DB-AF29-1B0F725361E8}.Debug|Any CPU.Build.0 = Debug|Any CPU
		{4EB60338-30F9-49DB-AF29-1B0F725361E8}.Release|Any CPU.ActiveCfg = Release|Any CPU
		{4EB60338-30F9-49DB-AF29-1B0F725361E8}.Release|Any CPU.Build.0 = Release|Any CPU
	EndGlobalSection
	GlobalSection(SolutionProperties) = preSolution
		HideSolutionNode = FALSE
	EndGlobalSection
EndGlobal
